
Microsoft Visual Studio Solution File, Format Version 12.00
# Visual Studio Version 17
VisualStudioVersion = 17.8.34309.116
MinimumVisualStudioVersion = 10.0.40219.1
Project("{FAE04EC0-301F-11D3-BF4B-00C04F79EFBC}") = "Part01", "Part01\Part01.csproj", "{734DDE7E-30D7-46CD-A6D7-4DCAC90DF559}"
EndProject
Global
	GlobalSection(SolutionConfigurationPlatforms) = preSolution
		Debug|Any CPU = Debug|Any CPU
		Release|Any CPU = Release|Any CPU
	EndGlobalSection
	GlobalSection(ProjectConfigurationPlatforms) = postSolution
		{734DDE7E-30D7-46CD-A6D7-4DCAC90DF559}.Debug|Any CPU.ActiveCfg = Debug|Any CPU
		{734DDE7E-30D7-46CD-A6D7-4DCAC90DF559}.Debug|Any CPU.Build.0 = Debug|Any CPU
		{734DDE7E-30D7-46CD-A6D7-4DCAC90DF559}.Release|Any CPU.ActiveCfg = Release|Any CPU
		{734DDE7E-30D7-46CD-A6D7-4DCAC90DF559}.Release|Any CPU.Build.0 = Release|Any CPU
	EndGlobalSection
	GlobalSection(SolutionProperties) = preSolution
		HideSolutionNode = FALSE
	EndGlobalSection
	GlobalSection(ExtensibilityGlobals) = postSolution
		SolutionGuid = {032599C4-7507-40E3-BBD0-AE1AE9CEA937}
	EndGlobalSection
EndGlobal
